
Microsoft Visual Studio Solution File, Format Version 12.00
# Visual Studio 2013
VisualStudioVersion = 12.0.30723.0
MinimumVisualStudioVersion = 10.0.40219.1
Project("{FAE04EC0-301F-11D3-BF4B-00C04F79EFBC}") = "AzureBrowserApp", "AzureBrowserApp\AzureBrowserApp.csproj", "{C601A361-1FB2-4AC0-AA52-C25C0259F187}"
EndProject
Project("{FAE04EC0-301F-11D3-BF4B-00C04F79EFBC}") = "AzureBrowserAppTests", "AzureBrowserAppTests\AzureBrowserAppTests.csproj", "{D520D33B-C0C8-4066-A750-4BB6E3C3513E}"
EndProject
Project("{FAE04EC0-301F-11D3-BF4B-00C04F79EFBC}") = "WriteSampleTestData", "WriteSampleTestData\WriteSampleTestData.csproj", "{8C7A0855-AE1B-494C-B244-E5C62F9505BB}"
EndProject
Global
	GlobalSection(SolutionConfigurationPlatforms) = preSolution
		Debug|Any CPU = Debug|Any CPU
		Release|Any CPU = Release|Any CPU
	EndGlobalSection
	GlobalSection(ProjectConfigurationPlatforms) = postSolution
		{C601A361-1FB2-4AC0-AA52-C25C0259F187}.Debug|Any CPU.ActiveCfg = Debug|Any CPU
		{C601A361-1FB2-4AC0-AA52-C25C0259F187}.Debug|Any CPU.Build.0 = Debug|Any CPU
		{C601A361-1FB2-4AC0-AA52-C25C0259F187}.Release|Any CPU.ActiveCfg = Release|Any CPU
		{C601A361-1FB2-4AC0-AA52-C25C0259F187}.Release|Any CPU.Build.0 = Release|Any CPU
		{D520D33B-C0C8-4066-A750-4BB6E3C3513E}.Debug|Any CPU.ActiveCfg = Debug|Any CPU
		{D520D33B-C0C8-4066-A750-4BB6E3C3513E}.Debug|Any CPU.Build.0 = Debug|Any CPU
		{D520D33B-C0C8-4066-A750-4BB6E3C3513E}.Release|Any CPU.ActiveCfg = Release|Any CPU
		{D520D33B-C0C8-4066-A750-4BB6E3C3513E}.Release|Any CPU.Build.0 = Release|Any CPU
		{8C7A0855-AE1B-494C-B244-E5C62F9505BB}.Debug|Any CPU.ActiveCfg = Debug|Any CPU
		{8C7A0855-AE1B-494C-B244-E5C62F9505BB}.Debug|Any CPU.Build.0 = Debug|Any CPU
		{8C7A0855-AE1B-494C-B244-E5C62F9505BB}.Release|Any CPU.ActiveCfg = Release|Any CPU
		{8C7A0855-AE1B-494C-B244-E5C62F9505BB}.Release|Any CPU.Build.0 = Release|Any CPU
	EndGlobalSection
	GlobalSection(SolutionProperties) = preSolution
		HideSolutionNode = FALSE
	EndGlobalSection
EndGlobal
